{
  "nodes": {
    "crane": {
      "inputs": {
        "flake-compat": "flake-compat",
        "flake-utils": [
          "flake-utils"
        ],
        "nixpkgs": [
          "nixpkgs"
        ],
        "rust-overlay": "rust-overlay"
      },
      "locked": {
        "lastModified": 1686186025,
        "narHash": "sha256-SuQjKsO1G87qM5j8VNtq6kIw4ILYE03Y8yL/FoKwR+4=",
        "owner": "ipetkov",
        "repo": "crane",
        "rev": "057d95721ee67d421391dda7031977d247ddec28",
        "type": "github"
      },
      "original": {
        "owner": "ipetkov",
        "repo": "crane",
        "type": "github"
      }
    },
    "fenix": {
      "inputs": {
        "nixpkgs": [
          "nixpkgs"
        ],
        "rust-analyzer-src": "rust-analyzer-src"
      },
      "locked": {
        "lastModified": 1686550934,
        "narHash": "sha256-lrVnI6o5IO/03vMUmVo72Zolzdee5ewjo82iu1KSLYM=",
        "owner": "nix-community",
        "repo": "fenix",
        "rev": "75b8b8463ed9a41dc446c109ce6d615d15dff571",
        "type": "github"
      },
      "original": {
        "owner": "nix-community",
        "repo": "fenix",
        "type": "github"
      }
    },
    "flake-compat": {
      "flake": false,
      "locked": {
        "lastModified": 1673956053,
        "narHash": "sha256-4gtG9iQuiKITOjNQQeQIpoIB6b16fm+504Ch3sNKLd8=",
        "owner": "edolstra",
        "repo": "flake-compat",
        "rev": "35bb57c0c8d8b62bbfd284272c928ceb64ddbde9",
        "type": "github"
      },
      "original": {
        "owner": "edolstra",
        "repo": "flake-compat",
        "type": "github"
      }
    },
    "flake-linter": {
      "inputs": {
        "flake-utils": [
          "flake-utils"
        ],
        "nixpkgs": [
          "nixpkgs"
        ]
      },
      "locked": {
        "lastModified": 1686613966,
        "narHash": "sha256-BxGgoEzji5y7HJthEyv/5OIesmw9Iry/p7xy5xIz8sM=",
        "owner": "kira-bruneau",
        "repo": "flake-linter",
        "rev": "a534e8c4fec527759ce97bf840ea0e0ea3c308fe",
        "type": "gitlab"
      },
      "original": {
        "owner": "kira-bruneau",
        "repo": "flake-linter",
        "type": "gitlab"
      }
    },
    "flake-utils": {
      "inputs": {
        "systems": "systems"
      },
      "locked": {
        "lastModified": 1685518550,
        "narHash": "sha256-o2d0KcvaXzTrPRIo0kOLV0/QXHhDQ5DTi+OxcjO8xqY=",
        "owner": "numtide",
        "repo": "flake-utils",
        "rev": "a1720a10a6cfe8234c0e93907ffe81be440f4cef",
        "type": "github"
      },
      "original": {
        "owner": "numtide",
        "repo": "flake-utils",
        "type": "github"
      }
    },
    "nixpkgs": {
      "locked": {
        "lastModified": 1686607841,
        "narHash": "sha256-EVkpCpNn2VPgSk0Z/GzP5r5ynzhwS2NcHL+nC4yh/yk=",
        "owner": "NixOS",
        "repo": "nixpkgs",
        "rev": "cdd5aaac6642beee8f935c9b825b892f8239fab5",
        "type": "github"
      },
      "original": {
        "id": "nixpkgs",
        "ref": "release-23.05",
        "type": "indirect"
      }
    },
    "root": {
      "inputs": {
        "crane": "crane",
        "fenix": "fenix",
        "flake-linter": "flake-linter",
        "flake-utils": "flake-utils",
        "nixpkgs": "nixpkgs"
      }
    },
    "rust-analyzer-src": {
      "flake": false,
      "locked": {
        "lastModified": 1686507294,
        "narHash": "sha256-9ms5EHSQnEWg5MRWf/2KfEqmYdl4ZMYUTwrjSGFyXM0=",
        "owner": "rust-lang",
        "repo": "rust-analyzer",
        "rev": "d567091f472a6c2b55262e25d092f1d43a7a4fae",
        "type": "github"
      },
      "original": {
        "owner": "rust-lang",
        "ref": "nightly",
        "repo": "rust-analyzer",
        "type": "github"
      }
    },
    "rust-overlay": {
      "inputs": {
        "flake-utils": [
          "crane",
          "flake-utils"
        ],
        "nixpkgs": [
          "crane",
          "nixpkgs"
        ]
      },
      "locked": {
        "lastModified": 1685759304,
        "narHash": "sha256-I3YBH6MS3G5kGzNuc1G0f9uYfTcNY9NYoRc3QsykLk4=",
        "owner": "oxalica",
        "repo": "rust-overlay",
        "rev": "c535b4f3327910c96dcf21851bbdd074d0760290",
        "type": "github"
      },
      "original": {
        "owner": "oxalica",
        "repo": "rust-overlay",
        "type": "github"
      }
    },
    "systems": {
      "locked": {
        "lastModified": 1681028828,
        "narHash": "sha256-Vy1rq5AaRuLzOxct8nz4T6wlgyUR7zLU309k9mBC768=",
        "owner": "nix-systems",
        "repo": "default",
        "rev": "da67096a3b9bf56a91d16901293e51ba5b49a27e",
        "type": "github"
      },
      "original": {
        "owner": "nix-systems",
        "repo": "default",
        "type": "github"
      }
    }
  },
  "root": "root",
  "version": 7
}
